
Microsoft Visual Studio Solution File, Format Version 12.00
# Visual Studio Version 16
VisualStudioVersion = 16.0.30002.166
MinimumVisualStudioVersion = 10.0.40219.1
Project("{FAE04EC0-301F-11D3-BF4B-00C04F79EFBC}") = "MaskInfo", "MaskInfo\MaskInfo.csproj", "{F4687CF4-C384-4194-83FB-22C162B2A544}"
EndProject
Global
	GlobalSection(SolutionConfigurationPlatforms) = preSolution
		Debug|Any CPU = Debug|Any CPU
		Release|Any CPU = Release|Any CPU
	EndGlobalSection
	GlobalSection(ProjectConfigurationPlatforms) = postSolution
		{F4687CF4-C384-4194-83FB-22C162B2A544}.Debug|Any CPU.ActiveCfg = Debug|Any CPU
		{F4687CF4-C384-4194-83FB-22C162B2A544}.Debug|Any CPU.Build.0 = Debug|Any CPU
		{F4687CF4-C384-4194-83FB-22C162B2A544}.Release|Any CPU.ActiveCfg = Release|Any CPU
		{F4687CF4-C384-4194-83FB-22C162B2A544}.Release|Any CPU.Build.0 = Release|Any CPU
	EndGlobalSection
	GlobalSection(SolutionProperties) = preSolution
		HideSolutionNode = FALSE
	EndGlobalSection
	GlobalSection(ExtensibilityGlobals) = postSolution
		SolutionGuid = {77B885FA-7EC9-4D70-8074-3E78C058A275}
	EndGlobalSection
EndGlobal
